// !$*UTF8*$!
{
	archiveVersion = 1;
	classes = {
	};
	objectVersion = 56;
	objects = {

/* Begin PBXBuildFile section */
		111111111111111111111101 /* StatsLiteApp.swift in Sources */ = {isa = PBXBuildFile; fileRef = 111111111111111111111201 /* StatsLiteApp.swift */; };
		111111111111111111111102 /* AppDelegate.swift in Sources */ = {isa = PBXBuildFile; fileRef = 111111111111111111111202 /* AppDelegate.swift */; };
		111111111111111111111103 /* StatsFormatterTests.swift in Sources */ = {isa = PBXBuildFile; fileRef = 111111111111111111111203 /* StatsFormatterTests.swift */; };
		111111111111111111111104 /* StatsSnapshot.swift in Sources */ = {isa = PBXBuildFile; fileRef = 111111111111111111111207 /* StatsSnapshot.swift */; };
		111111111111111111111105 /* StatsFormatter.swift in Sources */ = {isa = PBXBuildFile; fileRef = 111111111111111111111208 /* StatsFormatter.swift */; };
		111111111111111111111106 /* SemiCircleProgressViewModelTests.swift in Sources */ = {isa = PBXBuildFile; fileRef = 111111111111111111111209 /* SemiCircleProgressViewModelTests.swift */; };
		111111111111111111111107 /* SemiCircleProgressView.swift in Sources */ = {isa = PBXBuildFile; fileRef = 111111111111111111111210 /* SemiCircleProgressView.swift */; };
/* End PBXBuildFile section */

/* Begin PBXContainerItemProxy section */
		111111111111111111111301 /* PBXContainerItemProxy */ = {
			isa = PBXContainerItemProxy;
			containerPortal = 111111111111111111111401 /* Project object */;
			proxyType = 1;
			remoteGlobalIDString = 111111111111111111111501;
			remoteInfo = StatsLite;
		};
/* End PBXContainerItemProxy section */

/* Begin PBXFileReference section */
		111111111111111111111201 /* StatsLiteApp.swift */ = {isa = PBXFileReference; lastKnownFileType = sourcecode.swift; path = StatsLiteApp.swift; sourceTree = "<group>"; };
		111111111111111111111202 /* AppDelegate.swift */ = {isa = PBXFileReference; lastKnownFileType = sourcecode.swift; path = AppDelegate.swift; sourceTree = "<group>"; };
		111111111111111111111203 /* StatsFormatterTests.swift */ = {isa = PBXFileReference; lastKnownFileType = sourcecode.swift; path = StatsFormatterTests.swift; sourceTree = "<group>"; };
		111111111111111111111204 /* Info.plist */ = {isa = PBXFileReference; lastKnownFileType = text.plist.xml; path = Info.plist; sourceTree = "<group>"; };
		111111111111111111111205 /* StatsLite.app */ = {isa = PBXFileReference; explicitFileType = wrapper.application; includeInIndex = 0; path = StatsLite.app; sourceTree = BUILT_PRODUCTS_DIR; };
		111111111111111111111206 /* StatsLiteTests.xctest */ = {isa = PBXFileReference; explicitFileType = wrapper.cfbundle; includeInIndex = 0; path = StatsLiteTests.xctest; sourceTree = BUILT_PRODUCTS_DIR; };
		111111111111111111111207 /* StatsSnapshot.swift */ = {isa = PBXFileReference; lastKnownFileType = sourcecode.swift; path = StatsSnapshot.swift; sourceTree = "<group>"; };
		111111111111111111111208 /* StatsFormatter.swift */ = {isa = PBXFileReference; lastKnownFileType = sourcecode.swift; path = StatsFormatter.swift; sourceTree = "<group>"; };
		111111111111111111111209 /* SemiCircleProgressViewModelTests.swift */ = {isa = PBXFileReference; lastKnownFileType = sourcecode.swift; path = SemiCircleProgressViewModelTests.swift; sourceTree = "<group>"; };
		111111111111111111111210 /* SemiCircleProgressView.swift */ = {isa = PBXFileReference; lastKnownFileType = sourcecode.swift; path = SemiCircleProgressView.swift; sourceTree = "<group>"; };
/* End PBXFileReference section */

/* Begin PBXFrameworksBuildPhase section */
		111111111111111111111601 /* Frameworks */ = {
			isa = PBXFrameworksBuildPhase;
			buildActionMask = 2147483647;
			files = (
			);
			runOnlyForDeploymentPostprocessing = 0;
		};
		111111111111111111111602 /* Frameworks */ = {
			isa = PBXFrameworksBuildPhase;
			buildActionMask = 2147483647;
			files = (
			);
			runOnlyForDeploymentPostprocessing = 0;
		};
/* End PBXFrameworksBuildPhase section */

/* Begin PBXGroup section */
		111111111111111111111701 = {
			isa = PBXGroup;
			children = (
				111111111111111111111702 /* StatsLite */,
				111111111111111111111703 /* StatsLiteTests */,
				111111111111111111111704 /* Products */,
			);
			sourceTree = "<group>";
		};
		111111111111111111111702 /* StatsLite */ = {
			isa = PBXGroup;
			children = (
				111111111111111111111201 /* StatsLiteApp.swift */,
				111111111111111111111202 /* AppDelegate.swift */,
				111111111111111111111207 /* StatsSnapshot.swift */,
				111111111111111111111208 /* StatsFormatter.swift */,
				111111111111111111111210 /* SemiCircleProgressView.swift */,
				111111111111111111111204 /* Info.plist */,
			);
			path = StatsLite;
			sourceTree = "<group>";
		};
		111111111111111111111703 /* StatsLiteTests */ = {
			isa = PBXGroup;
			children = (
				111111111111111111111203 /* StatsFormatterTests.swift */,
				111111111111111111111209 /* SemiCircleProgressViewModelTests.swift */,
			);
			path = StatsLiteTests;
			sourceTree = "<group>";
		};
		111111111111111111111704 /* Products */ = {
			isa = PBXGroup;
			children = (
				111111111111111111111205 /* StatsLite.app */,
				111111111111111111111206 /* StatsLiteTests.xctest */,
			);
			name = Products;
			sourceTree = "<group>";
		};
/* End PBXGroup section */

/* Begin PBXNativeTarget section */
		111111111111111111111501 /* StatsLite */ = {
			isa = PBXNativeTarget;
			buildConfigurationList = 111111111111111111111801 /* Build configuration list for PBXNativeTarget "StatsLite" */;
			buildPhases = (
				111111111111111111111901 /* Sources */,
				111111111111111111111601 /* Frameworks */,
			);
			buildRules = (
			);
			dependencies = (
			);
			name = StatsLite;
			productName = StatsLite;
			productReference = 111111111111111111111205 /* StatsLite.app */;
			productType = "com.apple.product-type.application";
		};
		111111111111111111111502 /* StatsLiteTests */ = {
			isa = PBXNativeTarget;
			buildConfigurationList = 111111111111111111111802 /* Build configuration list for PBXNativeTarget "StatsLiteTests" */;
			buildPhases = (
				111111111111111111111902 /* Sources */,
				111111111111111111111602 /* Frameworks */,
			);
			buildRules = (
			);
			dependencies = (
				111111111111111111111302 /* PBXTargetDependency */,
			);
			name = StatsLiteTests;
			productName = StatsLiteTests;
			productReference = 111111111111111111111206 /* StatsLiteTests.xctest */;
			productType = "com.apple.product-type.bundle.unit-test";
		};
/* End PBXNativeTarget section */

/* Begin PBXProject section */
		111111111111111111111401 /* Project object */ = {
			isa = PBXProject;
			attributes = {
				BuildIndependentTargetsInParallel = 1;
				LastSwiftUpdateCheck = 2630;
				LastUpgradeCheck = 2630;
				TargetAttributes = {
					111111111111111111111501 = {
						CreatedOnToolsVersion = 26.3;
					};
					111111111111111111111502 = {
						CreatedOnToolsVersion = 26.3;
						TestTargetID = 111111111111111111111501;
					};
				};
			};
			buildConfigurationList = 111111111111111111111803 /* Build configuration list for PBXProject "StatsLite" */;
			compatibilityVersion = "Xcode 14.0";
			developmentRegion = en;
			hasScannedForEncodings = 0;
			knownRegions = (
				en,
				Base,
			);
			mainGroup = 111111111111111111111701;
			productRefGroup = 111111111111111111111704 /* Products */;
			projectDirPath = "";
			projectRoot = "";
			targets = (
				111111111111111111111501 /* StatsLite */,
				111111111111111111111502 /* StatsLiteTests */,
			);
		};
/* End PBXProject section */

/* Begin PBXSourcesBuildPhase section */
		111111111111111111111901 /* Sources */ = {
			isa = PBXSourcesBuildPhase;
			buildActionMask = 2147483647;
			files = (
				111111111111111111111101 /* StatsLiteApp.swift in Sources */,
				111111111111111111111102 /* AppDelegate.swift in Sources */,
				111111111111111111111104 /* StatsSnapshot.swift in Sources */,
				111111111111111111111105 /* StatsFormatter.swift in Sources */,
				111111111111111111111107 /* SemiCircleProgressView.swift in Sources */,
			);
			runOnlyForDeploymentPostprocessing = 0;
		};
		111111111111111111111902 /* Sources */ = {
			isa = PBXSourcesBuildPhase;
			buildActionMask = 2147483647;
			files = (
				111111111111111111111103 /* StatsFormatterTests.swift in Sources */,
				111111111111111111111106 /* SemiCircleProgressViewModelTests.swift in Sources */,
			);
			runOnlyForDeploymentPostprocessing = 0;
		};
/* End PBXSourcesBuildPhase section */

/* Begin PBXTargetDependency section */
		111111111111111111111302 /* PBXTargetDependency */ = {
			isa = PBXTargetDependency;
			target = 111111111111111111111501 /* StatsLite */;
			targetProxy = 111111111111111111111301 /* PBXContainerItemProxy */;
		};
/* End PBXTargetDependency section */

/* Begin XCBuildConfiguration section */
		111111111111111111112001 /* Debug */ = {
			isa = XCBuildConfiguration;
			buildSettings = {
				ALWAYS_SEARCH_USER_PATHS = NO;
				CLANG_ANALYZER_NONNULL = YES;
				CLANG_ANALYZER_NUMBER_OBJECT_CONVERSION = YES_AGGRESSIVE;
				CLANG_CXX_LANGUAGE_STANDARD = "gnu++20";
				CLANG_ENABLE_MODULES = YES;
				CLANG_ENABLE_OBJC_ARC = YES;
				CLANG_ENABLE_OBJC_WEAK = YES;
				CLANG_WARN_BLOCK_CAPTURE_AUTORELEASING = YES;
				CLANG_WARN_BOOL_CONVERSION = YES;
				CLANG_WARN_COMMA = YES;
				CLANG_WARN_CONSTANT_CONVERSION = YES;
				CLANG_WARN_DEPRECATED_OBJC_IMPLEMENTATIONS = YES;
				CLANG_WARN_DIRECT_OBJC_ISA_USAGE = YES_ERROR;
				CLANG_WARN_DOCUMENTATION_COMMENTS = YES;
				CLANG_WARN_EMPTY_BODY = YES;
				CLANG_WARN_ENUM_CONVERSION = YES;
				CLANG_WARN_INFINITE_RECURSION = YES;
				CLANG_WARN_INT_CONVERSION = YES;
				CLANG_WARN_NON_LITERAL_NULL_CONVERSION = YES;
				CLANG_WARN_OBJC_IMPLICIT_RETAIN_SELF = YES;
				CLANG_WARN_OBJC_LITERAL_CONVERSION = YES;
				CLANG_WARN_OBJC_ROOT_CLASS = YES_ERROR;
				CLANG_WARN_QUOTED_INCLUDE_IN_FRAMEWORK_HEADER = YES;
				CLANG_WARN_RANGE_LOOP_ANALYSIS = YES;
				CLANG_WARN_STRICT_PROTOTYPES = YES;
				CLANG_WARN_SUSPICIOUS_MOVE = YES;
				CLANG_WARN_UNGUARDED_AVAILABILITY = YES_AGGRESSIVE;
				CLANG_WARN_UNREACHABLE_CODE = YES;
				CLANG_WARN__DUPLICATE_METHOD_MATCH = YES;
				COPY_PHASE_STRIP = NO;
				DEBUG_INFORMATION_FORMAT = dwarf;
				ENABLE_STRICT_OBJC_MSGSEND = YES;
				ENABLE_TESTABILITY = YES;
				ENABLE_USER_SCRIPT_SANDBOXING = YES;
				GCC_C_LANGUAGE_STANDARD = gnu17;
				GCC_DYNAMIC_NO_PIC = NO;
				GCC_NO_COMMON_BLOCKS = YES;
				GCC_OPTIMIZATION_LEVEL = 0;
				GCC_PREPROCESSOR_DEFINITIONS = (
					"DEBUG=1",
					"$(inherited)",
				);
				GCC_WARN_64_TO_32_BIT_CONVERSION = YES;
				GCC_WARN_ABOUT_RETURN_TYPE = YES_ERROR;
				GCC_WARN_UNDECLARED_SELECTOR = YES;
				GCC_WARN_UNINITIALIZED_AUTOS = YES_AGGRESSIVE;
				GCC_WARN_UNUSED_FUNCTION = YES;
				GCC_WARN_UNUSED_VARIABLE = YES;
				MACOSX_DEPLOYMENT_TARGET = 14.0;
				MTL_ENABLE_DEBUG_INFO = INCLUDE_SOURCE;
				MTL_FAST_MATH = YES;
				ONLY_ACTIVE_ARCH = YES;
				SDKROOT = macosx;
				SWIFT_ACTIVE_COMPILATION_CONDITIONS = DEBUG;
				SWIFT_OPTIMIZATION_LEVEL = "-Onone";
			};
			name = Debug;
		};
		111111111111111111112002 /* Release */ = {
			isa = XCBuildConfiguration;
			buildSettings = {
				ALWAYS_SEARCH_USER_PATHS = NO;
				CLANG_ANALYZER_NONNULL = YES;
				CLANG_ANALYZER_NUMBER_OBJECT_CONVERSION = YES_AGGRESSIVE;
				CLANG_CXX_LANGUAGE_STANDARD = "gnu++20";
				CLANG_ENABLE_MODULES = YES;
				CLANG_ENABLE_OBJC_ARC = YES;
				CLANG_ENABLE_OBJC_WEAK = YES;
				CLANG_WARN_BLOCK_CAPTURE_AUTORELEASING = YES;
				CLANG_WARN_BOOL_CONVERSION = YES;
				CLANG_WARN_COMMA = YES;
				CLANG_WARN_CONSTANT_CONVERSION = YES;
				CLANG_WARN_DEPRECATED_OBJC_IMPLEMENTATIONS = YES;
				CLANG_WARN_DIRECT_OBJC_ISA_USAGE = YES_ERROR;
				CLANG_WARN_DOCUMENTATION_COMMENTS = YES;
				CLANG_WARN_EMPTY_BODY = YES;
				CLANG_WARN_ENUM_CONVERSION = YES;
				CLANG_WARN_INFINITE_RECURSION = YES;
				CLANG_WARN_INT_CONVERSION = YES;
				CLANG_WARN_NON_LITERAL_NULL_CONVERSION = YES;
				CLANG_WARN_OBJC_IMPLICIT_RETAIN_SELF = YES;
				CLANG_WARN_OBJC_LITERAL_CONVERSION = YES;
				CLANG_WARN_OBJC_ROOT_CLASS = YES_ERROR;
				CLANG_WARN_QUOTED_INCLUDE_IN_FRAMEWORK_HEADER = YES;
				CLANG_WARN_RANGE_LOOP_ANALYSIS = YES;
				CLANG_WARN_STRICT_PROTOTYPES = YES;
				CLANG_WARN_SUSPICIOUS_MOVE = YES;
				CLANG_WARN_UNGUARDED_AVAILABILITY = YES_AGGRESSIVE;
				CLANG_WARN_UNREACHABLE_CODE = YES;
				CLANG_WARN__DUPLICATE_METHOD_MATCH = YES;
				COPY_PHASE_STRIP = NO;
				DEBUG_INFORMATION_FORMAT = "dwarf-with-dsym";
				ENABLE_NS_ASSERTIONS = NO;
				ENABLE_STRICT_OBJC_MSGSEND = YES;
				ENABLE_USER_SCRIPT_SANDBOXING = YES;
				GCC_C_LANGUAGE_STANDARD = gnu17;
				GCC_NO_COMMON_BLOCKS = YES;
				GCC_WARN_64_TO_32_BIT_CONVERSION = YES;
				GCC_WARN_ABOUT_RETURN_TYPE = YES_ERROR;
				GCC_WARN_UNDECLARED_SELECTOR = YES;
				GCC_WARN_UNINITIALIZED_AUTOS = YES_AGGRESSIVE;
				GCC_WARN_UNUSED_FUNCTION = YES;
				GCC_WARN_UNUSED_VARIABLE = YES;
				MACOSX_DEPLOYMENT_TARGET = 14.0;
				MTL_ENABLE_DEBUG_INFO = NO;
				MTL_FAST_MATH = YES;
				SDKROOT = macosx;
				SWIFT_COMPILATION_MODE = wholemodule;
				SWIFT_OPTIMIZATION_LEVEL = "-O";
			};
			name = Release;
		};
		111111111111111111112003 /* Debug */ = {
			isa = XCBuildConfiguration;
			buildSettings = {
				ASSETCATALOG_COMPILER_APPICON_NAME = "";
				CODE_SIGNING_ALLOWED = NO;
				CODE_SIGN_STYLE = Automatic;
				COMBINE_HIDPI_IMAGES = YES;
				GENERATE_INFOPLIST_FILE = NO;
				INFOPLIST_FILE = StatsLite/Info.plist;
				LD_RUNPATH_SEARCH_PATHS = (
					"$(inherited)",
					"@executable_path/../Frameworks",
				);
				MACOSX_DEPLOYMENT_TARGET = 14.0;
				PRODUCT_BUNDLE_IDENTIFIER = com.bc1pjerry.StatsLite;
				PRODUCT_NAME = "$(TARGET_NAME)";
				SWIFT_EMIT_LOC_STRINGS = YES;
				SWIFT_VERSION = 6.0;
			};
			name = Debug;
		};
		111111111111111111112004 /* Release */ = {
			isa = XCBuildConfiguration;
			buildSettings = {
				ASSETCATALOG_COMPILER_APPICON_NAME = "";
				CODE_SIGNING_ALLOWED = NO;
				CODE_SIGN_STYLE = Automatic;
				COMBINE_HIDPI_IMAGES = YES;
				GENERATE_INFOPLIST_FILE = NO;
				INFOPLIST_FILE = StatsLite/Info.plist;
				LD_RUNPATH_SEARCH_PATHS = (
					"$(inherited)",
					"@executable_path/../Frameworks",
				);
				MACOSX_DEPLOYMENT_TARGET = 14.0;
				PRODUCT_BUNDLE_IDENTIFIER = com.bc1pjerry.StatsLite;
				PRODUCT_NAME = "$(TARGET_NAME)";
				SWIFT_EMIT_LOC_STRINGS = YES;
				SWIFT_VERSION = 6.0;
			};
			name = Release;
		};
		111111111111111111112005 /* Debug */ = {
			isa = XCBuildConfiguration;
			buildSettings = {
				BUNDLE_LOADER = "$(TEST_HOST)";
				CODE_SIGNING_ALLOWED = NO;
				CODE_SIGN_STYLE = Automatic;
				GENERATE_INFOPLIST_FILE = YES;
				LD_RUNPATH_SEARCH_PATHS = (
					"$(inherited)",
					"@executable_path/../Frameworks",
					"@loader_path/../Frameworks",
				);
				MACOSX_DEPLOYMENT_TARGET = 14.0;
				PRODUCT_BUNDLE_IDENTIFIER = com.bc1pjerry.StatsLiteTests;
				PRODUCT_NAME = "$(TARGET_NAME)";
				SWIFT_VERSION = 6.0;
				TEST_HOST = "$(BUILT_PRODUCTS_DIR)/StatsLite.app/Contents/MacOS/StatsLite";
			};
			name = Debug;
		};
		111111111111111111112006 /* Release */ = {
			isa = XCBuildConfiguration;
			buildSettings = {
				BUNDLE_LOADER = "$(TEST_HOST)";
				CODE_SIGNING_ALLOWED = NO;
				CODE_SIGN_STYLE = Automatic;
				GENERATE_INFOPLIST_FILE = YES;
				LD_RUNPATH_SEARCH_PATHS = (
					"$(inherited)",
					"@executable_path/../Frameworks",
					"@loader_path/../Frameworks",
				);
				MACOSX_DEPLOYMENT_TARGET = 14.0;
				PRODUCT_BUNDLE_IDENTIFIER = com.bc1pjerry.StatsLiteTests;
				PRODUCT_NAME = "$(TARGET_NAME)";
				SWIFT_VERSION = 6.0;
				TEST_HOST = "$(BUILT_PRODUCTS_DIR)/StatsLite.app/Contents/MacOS/StatsLite";
			};
			name = Release;
		};
/* End XCBuildConfiguration section */

/* Begin XCConfigurationList section */
		111111111111111111111801 /* Build configuration list for PBXNativeTarget "StatsLite" */ = {
			isa = XCConfigurationList;
			buildConfigurations = (
				111111111111111111112003 /* Debug */,
				111111111111111111112004 /* Release */,
			);
			defaultConfigurationIsVisible = 0;
			defaultConfigurationName = Release;
		};
		111111111111111111111802 /* Build configuration list for PBXNativeTarget "StatsLiteTests" */ = {
			isa = XCConfigurationList;
			buildConfigurations = (
				111111111111111111112005 /* Debug */,
				111111111111111111112006 /* Release */,
			);
			defaultConfigurationIsVisible = 0;
			defaultConfigurationName = Release;
		};
		111111111111111111111803 /* Build configuration list for PBXProject "StatsLite" */ = {
			isa = XCConfigurationList;
			buildConfigurations = (
				111111111111111111112001 /* Debug */,
				111111111111111111112002 /* Release */,
			);
			defaultConfigurationIsVisible = 0;
			defaultConfigurationName = Release;
		};
/* End XCConfigurationList section */
	};
	rootObject = 111111111111111111111401 /* Project object */;
}
